// !$*UTF8*$!
{
	archiveVersion = 1;
	classes = {
	};
	objectVersion = 46;
	objects = {

/* Begin PBXBuildFile section */
		841D249C19D19B1200C7868E /* AppDelegate.swift in Sources */ = {isa = PBXBuildFile; fileRef = 841D249B19D19B1200C7868E /* AppDelegate.swift */; };
		841D249E19D19B1200C7868E /* ViewController.swift in Sources */ = {isa = PBXBuildFile; fileRef = 841D249D19D19B1200C7868E /* ViewController.swift */; };
		841D24A119D19B1200C7868E /* Main.storyboard in Resources */ = {isa = PBXBuildFile; fileRef = 841D249F19D19B1200C7868E /* Main.storyboard */; };
		841D24A319D19B1200C7868E /* Images.xcassets in Resources */ = {isa = PBXBuildFile; fileRef = 841D24A219D19B1200C7868E /* Images.xcassets */; };
		841D24A619D19B1200C7868E /* LaunchScreen.xib in Resources */ = {isa = PBXBuildFile; fileRef = 841D24A419D19B1200C7868E /* LaunchScreen.xib */; };
		841D24B219D19B1300C7868E /* DMSwiftTableViewTests.swift in Sources */ = {isa = PBXBuildFile; fileRef = 841D24B119D19B1300C7868E /* DMSwiftTableViewTests.swift */; };
		841D24BE19D1AA5900C7868E /* DMCell.xib in Resources */ = {isa = PBXBuildFile; fileRef = 841D24BD19D1AA5900C7868E /* DMCell.xib */; };
		84457BD519D27F9D004F6AD9 /* DetailViewController.swift in Sources */ = {isa = PBXBuildFile; fileRef = 84457BD419D27F9D004F6AD9 /* DetailViewController.swift */; };
/* End PBXBuildFile section */

/* Begin PBXContainerItemProxy section */
		841D24AC19D19B1300C7868E /* PBXContainerItemProxy */ = {
			isa = PBXContainerItemProxy;
			containerPortal = 841D248E19D19B1200C7868E /* Project object */;
			proxyType = 1;
			remoteGlobalIDString = 841D249519D19B1200C7868E;
			remoteInfo = DMSwiftTableView;
		};
/* End PBXContainerItemProxy section */

/* Begin PBXFileReference section */
		841D249619D19B1200C7868E /* DMSwiftTableView.app */ = {isa = PBXFileReference; explicitFileType = wrapper.application; includeInIndex = 0; path = DMSwiftTableView.app; sourceTree = BUILT_PRODUCTS_DIR; };
		841D249A19D19B1200C7868E /* Info.plist */ = {isa = PBXFileReference; lastKnownFileType = text.plist.xml; path = Info.plist; sourceTree = "<group>"; };
		841D249B19D19B1200C7868E /* AppDelegate.swift */ = {isa = PBXFileReference; lastKnownFileType = sourcecode.swift; path = AppDelegate.swift; sourceTree = "<group>"; };
		841D249D19D19B1200C7868E /* ViewController.swift */ = {isa = PBXFileReference; lastKnownFileType = sourcecode.swift; path = ViewController.swift; sourceTree = "<group>"; };
		841D24A019D19B1200C7868E /* Base */ = {isa = PBXFileReference; lastKnownFileType = file.storyboard; name = Base; path = Base.lproj/Main.storyboard; sourceTree = "<group>"; };
		841D24A219D19B1200C7868E /* Images.xcassets */ = {isa = PBXFileReference; lastKnownFileType = folder.assetcatalog; path = Images.xcassets; sourceTree = "<group>"; };
		841D24A519D19B1200C7868E /* Base */ = {isa = PBXFileReference; lastKnownFileType = file.xib; name = Base; path = Base.lproj/LaunchScreen.xib; sourceTree = "<group>"; };
		841D24AB19D19B1300C7868E /* DMSwiftTableViewTests.xctest */ = {isa = PBXFileReference; explicitFileType = wrapper.cfbundle; includeInIndex = 0; path = DMSwiftTableViewTests.xctest; sourceTree = BUILT_PRODUCTS_DIR; };
		841D24B019D19B1300C7868E /* Info.plist */ = {isa = PBXFileReference; lastKnownFileType = text.plist.xml; path = Info.plist; sourceTree = "<group>"; };
		841D24B119D19B1300C7868E /* DMSwiftTableViewTests.swift */ = {isa = PBXFileReference; lastKnownFileType = sourcecode.swift; path = DMSwiftTableViewTests.swift; sourceTree = "<group>"; };
		841D24BD19D1AA5900C7868E /* DMCell.xib */ = {isa = PBXFileReference; fileEncoding = 4; lastKnownFileType = file.xib; path = DMCell.xib; sourceTree = "<group>"; };
		84457BD419D27F9D004F6AD9 /* DetailViewController.swift */ = {isa = PBXFileReference; fileEncoding = 4; lastKnownFileType = sourcecode.swift; name = DetailViewController.swift; path = ../DetailViewController.swift; sourceTree = "<group>"; };
/* End PBXFileReference section */

/* Begin PBXFrameworksBuildPhase section */
		841D249319D19B1200C7868E /* Frameworks */ = {
			isa = PBXFrameworksBuildPhase;
			buildActionMask = 2147483647;
			files = (
			);
			runOnlyForDeploymentPostprocessing = 0;
		};
		841D24A819D19B1300C7868E /* Frameworks */ = {
			isa = PBXFrameworksBuildPhase;
			buildActionMask = 2147483647;
			files = (
			);
			runOnlyForDeploymentPostprocessing = 0;
		};
/* End PBXFrameworksBuildPhase section */

/* Begin PBXGroup section */
		841D248D19D19B1200C7868E = {
			isa = PBXGroup;
			children = (
				841D24BD19D1AA5900C7868E /* DMCell.xib */,
				841D249819D19B1200C7868E /* DMSwiftTableView */,
				841D24AE19D19B1300C7868E /* DMSwiftTableViewTests */,
				841D249719D19B1200C7868E /* Products */,
			);
			sourceTree = "<group>";
		};
		841D249719D19B1200C7868E /* Products */ = {
			isa = PBXGroup;
			children = (
				841D249619D19B1200C7868E /* DMSwiftTableView.app */,
				841D24AB19D19B1300C7868E /* DMSwiftTableViewTests.xctest */,
			);
			name = Products;
			sourceTree = "<group>";
		};
		841D249819D19B1200C7868E /* DMSwiftTableView */ = {
			isa = PBXGroup;
			children = (
				841D249B19D19B1200C7868E /* AppDelegate.swift */,
				841D249D19D19B1200C7868E /* ViewController.swift */,
				84457BD419D27F9D004F6AD9 /* DetailViewController.swift */,
				841D249F19D19B1200C7868E /* Main.storyboard */,
				841D24A219D19B1200C7868E /* Images.xcassets */,
				841D24A419D19B1200C7868E /* LaunchScreen.xib */,
				841D249919D19B1200C7868E /* Supporting Files */,
			);
			path = DMSwiftTableView;
			sourceTree = "<group>";
		};
		841D249919D19B1200C7868E /* Supporting Files */ = {
			isa = PBXGroup;
			children = (
				841D249A19D19B1200C7868E /* Info.plist */,
			);
			name = "Supporting Files";
			sourceTree = "<group>";
		};
		841D24AE19D19B1300C7868E /* DMSwiftTableViewTests */ = {
			isa = PBXGroup;
			children = (
				841D24B119D19B1300C7868E /* DMSwiftTableViewTests.swift */,
				841D24AF19D19B1300C7868E /* Supporting Files */,
			);
			path = DMSwiftTableViewTests;
			sourceTree = "<group>";
		};
		841D24AF19D19B1300C7868E /* Supporting Files */ = {
			isa = PBXGroup;
			children = (
				841D24B019D19B1300C7868E /* Info.plist */,
			);
			name = "Supporting Files";
			sourceTree = "<group>";
		};
/* End PBXGroup section */

/* Begin PBXNativeTarget section */
		841D249519D19B1200C7868E /* DMSwiftTableView */ = {
			isa = PBXNativeTarget;
			buildConfigurationList = 841D24B519D19B1300C7868E /* Build configuration list for PBXNativeTarget "DMSwiftTableView" */;
			buildPhases = (
				841D249219D19B1200C7868E /* Sources */,
				841D249319D19B1200C7868E /* Frameworks */,
				841D249419D19B1200C7868E /* Resources */,
			);
			buildRules = (
			);
			dependencies = (
			);
			name = DMSwiftTableView;
			productName = DMSwiftTableView;
			productReference = 841D249619D19B1200C7868E /* DMSwiftTableView.app */;
			productType = "com.apple.product-type.application";
		};
		841D24AA19D19B1300C7868E /* DMSwiftTableViewTests */ = {
			isa = PBXNativeTarget;
			buildConfigurationList = 841D24B819D19B1300C7868E /* Build configuration list for PBXNativeTarget "DMSwiftTableViewTests" */;
			buildPhases = (
				841D24A719D19B1300C7868E /* Sources */,
				841D24A819D19B1300C7868E /* Frameworks */,
				841D24A919D19B1300C7868E /* Resources */,
			);
			buildRules = (
			);
			dependencies = (
				841D24AD19D19B1300C7868E /* PBXTargetDependency */,
			);
			name = DMSwiftTableViewTests;
			productName = DMSwiftTableViewTests;
			productReference = 841D24AB19D19B1300C7868E /* DMSwiftTableViewTests.xctest */;
			productType = "com.apple.product-type.bundle.unit-test";
		};
/* End PBXNativeTarget section */

/* Begin PBXProject section */
		841D248E19D19B1200C7868E /* Project object */ = {
			isa = PBXProject;
			attributes = {
				LastUpgradeCheck = 0600;
				ORGANIZATIONNAME = Nunet3;
				TargetAttributes = {
					841D249519D19B1200C7868E = {
						CreatedOnToolsVersion = 6.0.1;
					};
					841D24AA19D19B1300C7868E = {
						CreatedOnToolsVersion = 6.0.1;
						TestTargetID = 841D249519D19B1200C7868E;
					};
				};
			};
			buildConfigurationList = 841D249119D19B1200C7868E /* Build configuration list for PBXProject "DMSwiftTableView" */;
			compatibilityVersion = "Xcode 3.2";
			developmentRegion = English;
			hasScannedForEncodings = 0;
			knownRegions = (
				en,
				Base,
			);
			mainGroup = 841D248D19D19B1200C7868E;
			productRefGroup = 841D249719D19B1200C7868E /* Products */;
			projectDirPath = "";
			projectRoot = "";
			targets = (
				841D249519D19B1200C7868E /* DMSwiftTableView */,
				841D24AA19D19B1300C7868E /* DMSwiftTableViewTests */,
			);
		};
/* End PBXProject section */

/* Begin PBXResourcesBuildPhase section */
		841D249419D19B1200C7868E /* Resources */ = {
			isa = PBXResourcesBuildPhase;
			buildActionMask = 2147483647;
			files = (
				841D24BE19D1AA5900C7868E /* DMCell.xib in Resources */,
				841D24A119D19B1200C7868E /* Main.storyboard in Resources */,
				841D24A619D19B1200C7868E /* LaunchScreen.xib in Resources */,
				841D24A319D19B1200C7868E /* Images.xcassets in Resources */,
			);
			runOnlyForDeploymentPostprocessing = 0;
		};
		841D24A919D19B1300C7868E /* Resources */ = {
			isa = PBXResourcesBuildPhase;
			buildActionMask = 2147483647;
			files = (
			);
			runOnlyForDeploymentPostprocessing = 0;
		};
/* End PBXResourcesBuildPhase section */

/* Begin PBXSourcesBuildPhase section */
		841D249219D19B1200C7868E /* Sources */ = {
			isa = PBXSourcesBuildPhase;
			buildActionMask = 2147483647;
			files = (
				84457BD519D27F9D004F6AD9 /* DetailViewController.swift in Sources */,
				841D249E19D19B1200C7868E /* ViewController.swift in Sources */,
				841D249C19D19B1200C7868E /* AppDelegate.swift in Sources */,
			);
			runOnlyForDeploymentPostprocessing = 0;
		};
		841D24A719D19B1300C7868E /* Sources */ = {
			isa = PBXSourcesBuildPhase;
			buildActionMask = 2147483647;
			files = (
				841D24B219D19B1300C7868E /* DMSwiftTableViewTests.swift in Sources */,
			);
			runOnlyForDeploymentPostprocessing = 0;
		};
/* End PBXSourcesBuildPhase section */

/* Begin PBXTargetDependency section */
		841D24AD19D19B1300C7868E /* PBXTargetDependency */ = {
			isa = PBXTargetDependency;
			target = 841D249519D19B1200C7868E /* DMSwiftTableView */;
			targetProxy = 841D24AC19D19B1300C7868E /* PBXContainerItemProxy */;
		};
/* End PBXTargetDependency section */

/* Begin PBXVariantGroup section */
		841D249F19D19B1200C7868E /* Main.storyboard */ = {
			isa = PBXVariantGroup;
			children = (
				841D24A019D19B1200C7868E /* Base */,
			);
			name = Main.storyboard;
			sourceTree = "<group>";
		};
		841D24A419D19B1200C7868E /* LaunchScreen.xib */ = {
			isa = PBXVariantGroup;
			children = (
				841D24A519D19B1200C7868E /* Base */,
			);
			name = LaunchScreen.xib;
			sourceTree = "<group>";
		};
/* End PBXVariantGroup section */

/* Begin XCBuildConfiguration section */
		841D24B319D19B1300C7868E /* Debug */ = {
			isa = XCBuildConfiguration;
			buildSettings = {
				ALWAYS_SEARCH_USER_PATHS = NO;
				CLANG_CXX_LANGUAGE_STANDARD = "gnu++0x";
				CLANG_CXX_LIBRARY = "libc++";
				CLANG_ENABLE_MODULES = YES;
				CLANG_ENABLE_OBJC_ARC = YES;
				CLANG_WARN_BOOL_CONVERSION = YES;
				CLANG_WARN_CONSTANT_CONVERSION = YES;
				CLANG_WARN_DIRECT_OBJC_ISA_USAGE = YES_ERROR;
				CLANG_WARN_EMPTY_BODY = YES;
				CLANG_WARN_ENUM_CONVERSION = YES;
				CLANG_WARN_INT_CONVERSION = YES;
				CLANG_WARN_OBJC_ROOT_CLASS = YES_ERROR;
				CLANG_WARN_UNREACHABLE_CODE = YES;
				CLANG_WARN__DUPLICATE_METHOD_MATCH = YES;
				"CODE_SIGN_IDENTITY[sdk=iphoneos*]" = "iPhone Developer";
				COPY_PHASE_STRIP = NO;
				ENABLE_STRICT_OBJC_MSGSEND = YES;
				GCC_C_LANGUAGE_STANDARD = gnu99;
				GCC_DYNAMIC_NO_PIC = NO;
				GCC_OPTIMIZATION_LEVEL = 0;
				GCC_PREPROCESSOR_DEFINITIONS = (
					"DEBUG=1",
					"$(inherited)",
				);
				GCC_SYMBOLS_PRIVATE_EXTERN = NO;
				GCC_WARN_64_TO_32_BIT_CONVERSION = YES;
				GCC_WARN_ABOUT_RETURN_TYPE = YES_ERROR;
				GCC_WARN_UNDECLARED_SELECTOR = YES;
				GCC_WARN_UNINITIALIZED_AUTOS = YES_AGGRESSIVE;
				GCC_WARN_UNUSED_FUNCTION = YES;
				GCC_WARN_UNUSED_VARIABLE = YES;
				IPHONEOS_DEPLOYMENT_TARGET = 8.0;
				MTL_ENABLE_DEBUG_INFO = YES;
				ONLY_ACTIVE_ARCH = YES;
				SDKROOT = iphoneos;
				SWIFT_OPTIMIZATION_LEVEL = "-Onone";
			};
			name = Debug;
		};
		841D24B419D19B1300C7868E /* Release */ = {
			isa = XCBuildConfiguration;
			buildSettings = {
				ALWAYS_SEARCH_USER_PATHS = NO;
				CLANG_CXX_LANGUAGE_STANDARD = "gnu++0x";
				CLANG_CXX_LIBRARY = "libc++";
				CLANG_ENABLE_MODULES = YES;
				CLANG_ENABLE_OBJC_ARC = YES;
				CLANG_WARN_BOOL_CONVERSION = YES;
				CLANG_WARN_CONSTANT_CONVERSION = YES;
				CLANG_WARN_DIRECT_OBJC_ISA_USAGE = YES_ERROR;
				CLANG_WARN_EMPTY_BODY = YES;
				CLANG_WARN_ENUM_CONVERSION = YES;
				CLANG_WARN_INT_CONVERSION = YES;
				CLANG_WARN_OBJC_ROOT_CLASS = YES_ERROR;
				CLANG_WARN_UNREACHABLE_CODE = YES;
				CLANG_WARN__DUPLICATE_METHOD_MATCH = YES;
				"CODE_SIGN_IDENTITY[sdk=iphoneos*]" = "iPhone Developer";
				COPY_PHASE_STRIP = YES;
				ENABLE_NS_ASSERTIONS = NO;
				ENABLE_STRICT_OBJC_MSGSEND = YES;
				GCC_C_LANGUAGE_STANDARD = gnu99;
				GCC_WARN_64_TO_32_BIT_CONVERSION = YES;
				GCC_WARN_ABOUT_RETURN_TYPE = YES_ERROR;
				GCC_WARN_UNDECLARED_SELECTOR = YES;
				GCC_WARN_UNINITIALIZED_AUTOS = YES_AGGRESSIVE;
				GCC_WARN_UNUSED_FUNCTION = YES;
				GCC_WARN_UNUSED_VARIABLE = YES;
				IPHONEOS_DEPLOYMENT_TARGET = 8.0;
				MTL_ENABLE_DEBUG_INFO = NO;
				SDKROOT = iphoneos;
				VALIDATE_PRODUCT = YES;
			};
			name = Release;
		};
		841D24B619D19B1300C7868E /* Debug */ = {
			isa = XCBuildConfiguration;
			buildSettings = {
				ASSETCATALOG_COMPILER_APPICON_NAME = AppIcon;
				INFOPLIST_FILE = DMSwiftTableView/Info.plist;
				LD_RUNPATH_SEARCH_PATHS = "$(inherited) @executable_path/Frameworks";
				PRODUCT_NAME = "$(TARGET_NAME)";
			};
			name = Debug;
		};
		841D24B719D19B1300C7868E /* Release */ = {
			isa = XCBuildConfiguration;
			buildSettings = {
				ASSETCATALOG_COMPILER_APPICON_NAME = AppIcon;
				INFOPLIST_FILE = DMSwiftTableView/Info.plist;
				LD_RUNPATH_SEARCH_PATHS = "$(inherited) @executable_path/Frameworks";
				PRODUCT_NAME = "$(TARGET_NAME)";
			};
			name = Release;
		};
		841D24B919D19B1300C7868E /* Debug */ = {
			isa = XCBuildConfiguration;
			buildSettings = {
				BUNDLE_LOADER = "$(TEST_HOST)";
				FRAMEWORK_SEARCH_PATHS = (
					"$(SDKROOT)/Developer/Library/Frameworks",
					"$(inherited)",
				);
				GCC_PREPROCESSOR_DEFINITIONS = (
					"DEBUG=1",
					"$(inherited)",
				);
				INFOPLIST_FILE = DMSwiftTableViewTests/Info.plist;
				LD_RUNPATH_SEARCH_PATHS = "$(inherited) @executable_path/Frameworks @loader_path/Frameworks";
				PRODUCT_NAME = "$(TARGET_NAME)";
				TEST_HOST = "$(BUILT_PRODUCTS_DIR)/DMSwiftTableView.app/DMSwiftTableView";
			};
			name = Debug;
		};
		841D24BA19D19B1300C7868E /* Release */ = {
			isa = XCBuildConfiguration;
			buildSettings = {
				BUNDLE_LOADER = "$(TEST_HOST)";
				FRAMEWORK_SEARCH_PATHS = (
					"$(SDKROOT)/Developer/Library/Frameworks",
					"$(inherited)",
				);
				INFOPLIST_FILE = DMSwiftTableViewTests/Info.plist;
				LD_RUNPATH_SEARCH_PATHS = "$(inherited) @executable_path/Frameworks @loader_path/Frameworks";
				PRODUCT_NAME = "$(TARGET_NAME)";
				TEST_HOST = "$(BUILT_PRODUCTS_DIR)/DMSwiftTableView.app/DMSwiftTableView";
			};
			name = Release;
		};
/* End XCBuildConfiguration section */

/* Begin XCConfigurationList section */
		841D249119D19B1200C7868E /* Build configuration list for PBXProject "DMSwiftTableView" */ = {
			isa = XCConfigurationList;
			buildConfigurations = (
				841D24B319D19B1300C7868E /* Debug */,
				841D24B419D19B1300C7868E /* Release */,
			);
			defaultConfigurationIsVisible = 0;
			defaultConfigurationName = Release;
		};
		841D24B519D19B1300C7868E /* Build configuration list for PBXNativeTarget "DMSwiftTableView" */ = {
			isa = XCConfigurationList;
			buildConfigurations = (
				841D24B619D19B1300C7868E /* Debug */,
				841D24B719D19B1300C7868E /* Release */,
			);
			defaultConfigurationIsVisible = 0;
			defaultConfigurationName = Release;
		};
		841D24B819D19B1300C7868E /* Build configuration list for PBXNativeTarget "DMSwiftTableViewTests" */ = {
			isa = XCConfigurationList;
			buildConfigurations = (
				841D24B919D19B1300C7868E /* Debug */,
				841D24BA19D19B1300C7868E /* Release */,
			);
			defaultConfigurationIsVisible = 0;
			defaultConfigurationName = Release;
		};
/* End XCConfigurationList section */
	};
	rootObject = 841D248E19D19B1200C7868E /* Project object */;
}
